{
  "name": "@edit/core",
  "version": "0.0.1",
  "lockfileVersion": 1,
  "requires": true,
  "dependencies": {
    "orderedmap": {
      "version": "1.0.0",
      "resolved": "https://registry.npmjs.org/orderedmap/-/orderedmap-1.0.0.tgz",
      "integrity": "sha1-2Q/Cuh7QhRkJB9YB3sbmpT+NQbo="
    },
    "prosemirror-schema-list": {
      "version": "1.0.1",
      "resolved": "https://registry.npmjs.org/prosemirror-schema-list/-/prosemirror-schema-list-1.0.1.tgz",
      "integrity": "sha512-AiLIX6qm6PEeDtMCKZLcSLi55WXo1ls7DnRK+4hSkoi0IIzNdxGsRlecCd3MzEu//DVz3nAEh+zEmslyW+uk8g==",
      "requires": {
        "prosemirror-model": "^1.0.0",
        "prosemirror-transform": "^1.0.0"
      },
      "dependencies": {
        "prosemirror-model": {
          "version": "1.6.3",
          "resolved": "https://registry.npmjs.org/prosemirror-model/-/prosemirror-model-1.6.3.tgz",
          "integrity": "sha512-iqIml664X9MUVGLz2nzK4xfAofX8+o7gs2mi2/k+pVD0qZ7th1Jm5eG3AsqWoEUIZuWeaOWCKpBl/dPnhIIWew==",
          "requires": {
            "orderedmap": "^1.0.0"
          }
        }
      }
    },
    "prosemirror-transform": {
      "version": "1.1.3",
      "resolved": "https://registry.npmjs.org/prosemirror-transform/-/prosemirror-transform-1.1.3.tgz",
      "integrity": "sha512-1O6Di5lOL1mp4nuCnQNkHY7l2roIW5y8RH4ZG3hMYmkmDEWzTaFFnxxAAHsE5ipGLBSRcTlP7SsDhYBIdSuLpQ==",
      "requires": {
        "prosemirror-model": "^1.0.0"
      },
      "dependencies": {
        "prosemirror-model": {
          "version": "1.6.3",
          "resolved": "https://registry.npmjs.org/prosemirror-model/-/prosemirror-model-1.6.3.tgz",
          "integrity": "sha512-iqIml664X9MUVGLz2nzK4xfAofX8+o7gs2mi2/k+pVD0qZ7th1Jm5eG3AsqWoEUIZuWeaOWCKpBl/dPnhIIWew==",
          "requires": {
            "orderedmap": "^1.0.0"
          }
        }
      }
    }
  }
}
