{
  "name": "edit",
  "version": "2.3.1",
  "lockfileVersion": 1,
  "requires": true,
  "dependencies": {
    "@babel/helper-module-imports": {
      "version": "7.0.0",
      "resolved": "https://registry.npmjs.org/@babel/helper-module-imports/-/helper-module-imports-7.0.0.tgz",
      "integrity": "sha512-aP/hlLq01DWNEiDg4Jn23i+CXxW/owM4WpDLFUbpjxe4NS3BhLVZQ5i7E0ZrxuQ/vwekIeciyamgB1UIYxxM6A==",
      "requires": {
        "@babel/types": "^7.0.0"
      }
    },
    "@babel/runtime": {
      "version": "7.6.3",
      "resolved": "https://registry.npmjs.org/@babel/runtime/-/runtime-7.6.3.tgz",
      "integrity": "sha512-kq6anf9JGjW8Nt5rYfEuGRaEAaH1mkv3Bbu6rYvLOpPh/RusSJXuKPEAoZ7L7gybZkchE8+NV5g9vKF4AGAtsA==",
      "requires": {
        "regenerator-runtime": "^0.13.2"
      }
    },
    "@babel/types": {
      "version": "7.1.6",
      "resolved": "https://registry.npmjs.org/@babel/types/-/types-7.1.6.tgz",
      "integrity": "sha512-DMiUzlY9DSjVsOylJssxLHSgj6tWM9PRFJOGW/RaOglVOK9nzTxoOMfTfRQXGUCUQ/HmlG2efwC+XqUEJ5ay4w==",
      "requires": {
        "esutils": "^2.0.2",
        "lodash": "^4.17.10",
        "to-fast-properties": "^2.0.0"
      }
    },
    "@emotion/cache": {
      "version": "10.0.19",
      "resolved": "https://registry.npmjs.org/@emotion/cache/-/cache-10.0.19.tgz",
      "integrity": "sha512-BoiLlk4vEsGBg2dAqGSJu0vJl/PgVtCYLBFJaEO8RmQzPugXewQCXZJNXTDFaRlfCs0W+quesayav4fvaif5WQ==",
      "requires": {
        "@emotion/sheet": "0.9.3",
        "@emotion/stylis": "0.8.4",
        "@emotion/utils": "0.11.2",
        "@emotion/weak-memoize": "0.2.4"
      }
    },
    "@emotion/core": {
      "version": "10.0.22",
      "resolved": "https://registry.npmjs.org/@emotion/core/-/core-10.0.22.tgz",
      "integrity": "sha512-7eoP6KQVUyOjAkE6y4fdlxbZRA4ILs7dqkkm6oZUJmihtHv0UBq98VgPirq9T8F9K2gKu0J/au/TpKryKMinaA==",
      "requires": {
        "@babel/runtime": "^7.5.5",
        "@emotion/cache": "^10.0.17",
        "@emotion/css": "^10.0.22",
        "@emotion/serialize": "^0.11.12",
        "@emotion/sheet": "0.9.3",
        "@emotion/utils": "0.11.2"
      }
    },
    "@emotion/css": {
      "version": "10.0.22",
      "resolved": "https://registry.npmjs.org/@emotion/css/-/css-10.0.22.tgz",
      "integrity": "sha512-8phfa5mC/OadBTmGpMpwykIVH0gFCbUoO684LUkyixPq4F1Wwri7fK5Xlm8lURNBrd2TuvTbPUGxFsGxF9UacA==",
      "requires": {
        "@emotion/serialize": "^0.11.12",
        "@emotion/utils": "0.11.2",
        "babel-plugin-emotion": "^10.0.22"
      }
    },
    "@emotion/hash": {
      "version": "0.7.3",
      "resolved": "https://registry.npmjs.org/@emotion/hash/-/hash-0.7.3.tgz",
      "integrity": "sha512-14ZVlsB9akwvydAdaEnVnvqu6J2P6ySv39hYyl/aoB6w/V+bXX0tay8cF6paqbgZsN2n5Xh15uF4pE+GvE+itw=="
    },
    "@emotion/memoize": {
      "version": "0.7.3",
      "resolved": "https://registry.npmjs.org/@emotion/memoize/-/memoize-0.7.3.tgz",
      "integrity": "sha512-2Md9mH6mvo+ygq1trTeVp2uzAKwE2P7In0cRpD/M9Q70aH8L+rxMLbb3JCN2JoSWsV2O+DdFjfbbXoMoLBczow=="
    },
    "@emotion/serialize": {
      "version": "0.11.14",
      "resolved": "https://registry.npmjs.org/@emotion/serialize/-/serialize-0.11.14.tgz",
      "integrity": "sha512-6hTsySIuQTbDbv00AnUO6O6Xafdwo5GswRlMZ5hHqiFx+4pZ7uGWXUQFW46Kc2taGhP89uXMXn/lWQkdyTosPA==",
      "requires": {
        "@emotion/hash": "0.7.3",
        "@emotion/memoize": "0.7.3",
        "@emotion/unitless": "0.7.4",
        "@emotion/utils": "0.11.2",
        "csstype": "^2.5.7"
      }
    },
    "@emotion/sheet": {
      "version": "0.9.3",
      "resolved": "https://registry.npmjs.org/@emotion/sheet/-/sheet-0.9.3.tgz",
      "integrity": "sha512-c3Q6V7Df7jfwSq5AzQWbXHa5soeE4F5cbqi40xn0CzXxWW9/6Mxq48WJEtqfWzbZtW9odZdnRAkwCQwN12ob4A=="
    },
    "@emotion/stylis": {
      "version": "0.8.4",
      "resolved": "https://registry.npmjs.org/@emotion/stylis/-/stylis-0.8.4.tgz",
      "integrity": "sha512-TLmkCVm8f8gH0oLv+HWKiu7e8xmBIaokhxcEKPh1m8pXiV/akCiq50FvYgOwY42rjejck8nsdQxZlXZ7pmyBUQ=="
    },
    "@emotion/unitless": {
      "version": "0.7.4",
      "resolved": "https://registry.npmjs.org/@emotion/unitless/-/unitless-0.7.4.tgz",
      "integrity": "sha512-kBa+cDHOR9jpRJ+kcGMsysrls0leukrm68DmFQoMIWQcXdr2cZvyvypWuGYT7U+9kAExUE7+T7r6G3C3A6L8MQ=="
    },
    "@emotion/utils": {
      "version": "0.11.2",
      "resolved": "https://registry.npmjs.org/@emotion/utils/-/utils-0.11.2.tgz",
      "integrity": "sha512-UHX2XklLl3sIaP6oiMmlVzT0J+2ATTVpf0dHQVyPJHTkOITvXfaSqnRk6mdDhV9pR8T/tHc3cex78IKXssmzrA=="
    },
    "@emotion/weak-memoize": {
      "version": "0.2.4",
      "resolved": "https://registry.npmjs.org/@emotion/weak-memoize/-/weak-memoize-0.2.4.tgz",
      "integrity": "sha512-6PYY5DVdAY1ifaQW6XYTnOMihmBVT27elqSjEoodchsGjzYlEsTQMcEhSud99kVawatyTZRTiVkJ/c6lwbQ7nA=="
    },
    "argparse": {
      "version": "1.0.10",
      "resolved": "https://registry.npmjs.org/argparse/-/argparse-1.0.10.tgz",
      "integrity": "sha512-o5Roy6tNG4SL/FOkCAN6RzjiakZS25RLYFrcMttJqbdd8BWrnA+fGz57iN5Pb06pvBGvl5gQ0B48dJlslXvoTg==",
      "requires": {
        "sprintf-js": "~1.0.2"
      }
    },
    "babel-plugin-emotion": {
      "version": "10.0.23",
      "resolved": "https://registry.npmjs.org/babel-plugin-emotion/-/babel-plugin-emotion-10.0.23.tgz",
      "integrity": "sha512-1JiCyXU0t5S2xCbItejCduLGGcKmF3POT0Ujbexog2MI4IlRcIn/kWjkYwCUZlxpON0O5FC635yPl/3slr7cKQ==",
      "requires": {
        "@babel/helper-module-imports": "^7.0.0",
        "@emotion/hash": "0.7.3",
        "@emotion/memoize": "0.7.3",
        "@emotion/serialize": "^0.11.14",
        "babel-plugin-macros": "^2.0.0",
        "babel-plugin-syntax-jsx": "^6.18.0",
        "convert-source-map": "^1.5.0",
        "escape-string-regexp": "^1.0.5",
        "find-root": "^1.1.0",
        "source-map": "^0.5.7"
      }
    },
    "babel-plugin-macros": {
      "version": "2.6.1",
      "resolved": "https://registry.npmjs.org/babel-plugin-macros/-/babel-plugin-macros-2.6.1.tgz",
      "integrity": "sha512-6W2nwiXme6j1n2erPOnmRiWfObUhWH7Qw1LMi9XZy8cj+KtESu3T6asZvtk5bMQQjX8te35o7CFueiSdL/2NmQ==",
      "requires": {
        "@babel/runtime": "^7.4.2",
        "cosmiconfig": "^5.2.0",
        "resolve": "^1.10.0"
      },
      "dependencies": {
        "resolve": {
          "version": "1.12.0",
          "resolved": "https://registry.npmjs.org/resolve/-/resolve-1.12.0.tgz",
          "integrity": "sha512-B/dOmuoAik5bKcD6s6nXDCjzUKnaDvdkRyAk6rsmsKLipWj4797iothd7jmmUhWTfinVMU+wc56rYKsit2Qy4w==",
          "requires": {
            "path-parse": "^1.0.6"
          }
        }
      }
    },
    "babel-plugin-syntax-jsx": {
      "version": "6.18.0",
      "resolved": "https://registry.npmjs.org/babel-plugin-syntax-jsx/-/babel-plugin-syntax-jsx-6.18.0.tgz",
      "integrity": "sha1-CvMqmm4Tyno/1QaeYtew9Y0NiUY="
    },
    "caller-callsite": {
      "version": "2.0.0",
      "resolved": "https://registry.npmjs.org/caller-callsite/-/caller-callsite-2.0.0.tgz",
      "integrity": "sha1-hH4PzgoiN1CpoCfFSzNzGtMVQTQ=",
      "requires": {
        "callsites": "^2.0.0"
      }
    },
    "caller-path": {
      "version": "2.0.0",
      "resolved": "https://registry.npmjs.org/caller-path/-/caller-path-2.0.0.tgz",
      "integrity": "sha1-Ro+DBE42mrIBD6xfBs7uFbsssfQ=",
      "requires": {
        "caller-callsite": "^2.0.0"
      }
    },
    "callsites": {
      "version": "2.0.0",
      "resolved": "https://registry.npmjs.org/callsites/-/callsites-2.0.0.tgz",
      "integrity": "sha1-BuuE8A7qQT2oav/vrL/7Ngk7PFA="
    },
    "convert-source-map": {
      "version": "1.6.0",
      "resolved": "https://registry.npmjs.org/convert-source-map/-/convert-source-map-1.6.0.tgz",
      "integrity": "sha512-eFu7XigvxdZ1ETfbgPBohgyQ/Z++C0eEhTor0qRwBw9unw+L0/6V8wkSuGgzdThkiS5lSpdptOQPD8Ak40a+7A==",
      "requires": {
        "safe-buffer": "~5.1.1"
      }
    },
    "cosmiconfig": {
      "version": "5.2.1",
      "resolved": "https://registry.npmjs.org/cosmiconfig/-/cosmiconfig-5.2.1.tgz",
      "integrity": "sha512-H65gsXo1SKjf8zmrJ67eJk8aIRKV5ff2D4uKZIBZShbhGSpEmsQOPW/SKMKYhSTrqR7ufy6RP69rPogdaPh/kA==",
      "requires": {
        "import-fresh": "^2.0.0",
        "is-directory": "^0.3.1",
        "js-yaml": "^3.13.1",
        "parse-json": "^4.0.0"
      }
    },
    "csstype": {
      "version": "2.6.7",
      "resolved": "https://registry.npmjs.org/csstype/-/csstype-2.6.7.tgz",
      "integrity": "sha512-9Mcn9sFbGBAdmimWb2gLVDtFJzeKtDGIr76TUqmjZrw9LFXBMSU70lcs+C0/7fyCd6iBDqmksUcCOUIkisPHsQ=="
    },
    "dom-helpers": {
      "version": "3.4.0",
      "resolved": "https://registry.npmjs.org/dom-helpers/-/dom-helpers-3.4.0.tgz",
      "integrity": "sha512-LnuPJ+dwqKDIyotW1VzmOZ5TONUN7CwkCR5hrgawTUbkBGYdeoNLZo6nNfGkCrjtE1nXXaj7iMMpDa8/d9WoIA==",
      "requires": {
        "@babel/runtime": "^7.1.2"
      }
    },
    "emotion-theming": {
      "version": "10.0.19",
      "resolved": "https://registry.npmjs.org/emotion-theming/-/emotion-theming-10.0.19.tgz",
      "integrity": "sha512-dQRBPLAAQ6eA8JKhkLCIWC8fdjPbiNC1zNTdFF292h9amhZXofcNGUP7axHoHX4XesqQESYwZrXp53OPInMrKw==",
      "dev": true,
      "requires": {
        "@babel/runtime": "^7.5.5",
        "@emotion/weak-memoize": "0.2.4",
        "hoist-non-react-statics": "^3.3.0"
      }
    },
    "error-ex": {
      "version": "1.3.2",
      "resolved": "https://registry.npmjs.org/error-ex/-/error-ex-1.3.2.tgz",
      "integrity": "sha512-7dFHNmqeFSEt2ZBsCriorKnn3Z2pj+fd9kmI6QoWw4//DL+icEBfc0U7qJCisqrTsKTjw4fNFy2pW9OqStD84g==",
      "requires": {
        "is-arrayish": "^0.2.1"
      }
    },
    "escape-string-regexp": {
      "version": "1.0.5",
      "resolved": "https://registry.npmjs.org/escape-string-regexp/-/escape-string-regexp-1.0.5.tgz",
      "integrity": "sha1-G2HAViGQqN/2rjuyzwIAyhMLhtQ="
    },
    "esprima": {
      "version": "4.0.1",
      "resolved": "https://registry.npmjs.org/esprima/-/esprima-4.0.1.tgz",
      "integrity": "sha512-eGuFFw7Upda+g4p+QHvnW0RyTX/SVeJBDM/gCtMARO0cLuT2HcEKnTPvhjV6aGeqrCB/sbNop0Kszm0jsaWU4A=="
    },
    "esutils": {
      "version": "2.0.2",
      "resolved": "https://registry.npmjs.org/esutils/-/esutils-2.0.2.tgz",
      "integrity": "sha1-Cr9PHKpbyx96nYrMbepPqqBLrJs="
    },
    "find-root": {
      "version": "1.1.0",
      "resolved": "https://registry.npmjs.org/find-root/-/find-root-1.1.0.tgz",
      "integrity": "sha512-NKfW6bec6GfKc0SGx1e07QZY9PE99u0Bft/0rzSD5k3sO/vwkVUpDUKVm5Gpp5Ue3YfShPFTX2070tDs5kB9Ng=="
    },
    "hoist-non-react-statics": {
      "version": "3.3.0",
      "resolved": "https://registry.npmjs.org/hoist-non-react-statics/-/hoist-non-react-statics-3.3.0.tgz",
      "integrity": "sha512-0XsbTXxgiaCDYDIWFcwkmerZPSwywfUqYmwT4jzewKTQSWoE6FCMoUVOeBJWK3E/CrWbxRG3m5GzY4lnIwGRBA==",
      "dev": true,
      "requires": {
        "react-is": "^16.7.0"
      }
    },
    "import-fresh": {
      "version": "2.0.0",
      "resolved": "https://registry.npmjs.org/import-fresh/-/import-fresh-2.0.0.tgz",
      "integrity": "sha1-2BNVwVYS04bGH53dOSLUMEgipUY=",
      "requires": {
        "caller-path": "^2.0.0",
        "resolve-from": "^3.0.0"
      }
    },
    "is-arrayish": {
      "version": "0.2.1",
      "resolved": "https://registry.npmjs.org/is-arrayish/-/is-arrayish-0.2.1.tgz",
      "integrity": "sha1-d8mYQFJ6qOyxqLppe4BkWnqSap0="
    },
    "is-directory": {
      "version": "0.3.1",
      "resolved": "https://registry.npmjs.org/is-directory/-/is-directory-0.3.1.tgz",
      "integrity": "sha1-YTObbyR1/Hcv2cnYP1yFddwVSuE="
    },
    "js-tokens": {
      "version": "4.0.0",
      "resolved": "https://registry.npmjs.org/js-tokens/-/js-tokens-4.0.0.tgz",
      "integrity": "sha512-RdJUflcE3cUzKiMqQgsCu06FPu9UdIJO0beYbPhHN4k6apgJtifcoCtT9bcxOpYBtpD2kCM6Sbzg4CausW/PKQ=="
    },
    "js-yaml": {
      "version": "3.13.1",
      "resolved": "https://registry.npmjs.org/js-yaml/-/js-yaml-3.13.1.tgz",
      "integrity": "sha512-YfbcO7jXDdyj0DGxYVSlSeQNHbD7XPWvrVWeVUujrQEoZzWJIRrCPoyk6kL6IAjAG2IolMK4T0hNUe0HOUs5Jw==",
      "requires": {
        "argparse": "^1.0.7",
        "esprima": "^4.0.0"
      }
    },
    "json-parse-better-errors": {
      "version": "1.0.2",
      "resolved": "https://registry.npmjs.org/json-parse-better-errors/-/json-parse-better-errors-1.0.2.tgz",
      "integrity": "sha512-mrqyZKfX5EhL7hvqcV6WG1yYjnjeuYDzDhhcAAUrq8Po85NBQBJP+ZDUT75qZQ98IkUoBqdkExkukOU7Ts2wrw=="
    },
    "lodash": {
      "version": "4.17.15",
      "resolved": "https://registry.npmjs.org/lodash/-/lodash-4.17.15.tgz",
      "integrity": "sha512-8xOcRHvCjnocdS5cpwXQXVzmmh5e5+saE2QGoeQmbKmRS6J3VQppPOIt0MnmE+4xlZoumy0GPG0D0MVIQbNA1A=="
    },
    "loose-envify": {
      "version": "1.4.0",
      "resolved": "https://registry.npmjs.org/loose-envify/-/loose-envify-1.4.0.tgz",
      "integrity": "sha512-lyuxPGr/Wfhrlem2CL/UcnUc1zcqKAImBDzukY7Y5F/yQiNdko6+fRLevlw1HgMySw7f611UIY408EtxRSoK3Q==",
      "requires": {
        "js-tokens": "^3.0.0 || ^4.0.0"
      }
    },
    "memoize-one": {
      "version": "5.1.1",
      "resolved": "https://registry.npmjs.org/memoize-one/-/memoize-one-5.1.1.tgz",
      "integrity": "sha512-HKeeBpWvqiVJD57ZUAsJNm71eHTykffzcLZVYWiVfQeI1rJtuEaS7hQiEpWfVVk18donPwJEcFKIkCmPJNOhHA=="
    },
    "object-assign": {
      "version": "4.1.1",
      "resolved": "https://registry.npmjs.org/object-assign/-/object-assign-4.1.1.tgz",
      "integrity": "sha1-IQmtx5ZYh8/AXLvUQsrIv7s2CGM="
    },
    "parse-json": {
      "version": "4.0.0",
      "resolved": "https://registry.npmjs.org/parse-json/-/parse-json-4.0.0.tgz",
      "integrity": "sha1-vjX1Qlvh9/bHRxhPmKeIy5lHfuA=",
      "requires": {
        "error-ex": "^1.3.1",
        "json-parse-better-errors": "^1.0.1"
      }
    },
    "path-parse": {
      "version": "1.0.6",
      "resolved": "https://registry.npmjs.org/path-parse/-/path-parse-1.0.6.tgz",
      "integrity": "sha512-GSmOT2EbHrINBf9SR7CDELwlJ8AENk3Qn7OikK4nFYAu3Ote2+JYNVvkpAEQm3/TLNEJFD/xZJjzyxg3KBWOzw=="
    },
    "prop-types": {
      "version": "15.7.2",
      "resolved": "https://registry.npmjs.org/prop-types/-/prop-types-15.7.2.tgz",
      "integrity": "sha512-8QQikdH7//R2vurIJSutZ1smHYTcLpRWEOlHnzcWHmBYrOGUysKwSsrC89BCiFj3CbrfJ/nXFdJepOVrY1GCHQ==",
      "requires": {
        "loose-envify": "^1.4.0",
        "object-assign": "^4.1.1",
        "react-is": "^16.8.1"
      }
    },
    "react": {
      "version": "0.0.0-f6b8d31a7",
      "resolved": "https://registry.npmjs.org/react/-/react-0.0.0-f6b8d31a7.tgz",
      "integrity": "sha512-P/vohz6jmP0fAY1kgSuvoxpSbj4AfnCe4Ijetpi30tMAeRfOlYtVFMEhFbGcTGjBO9t7oWPeqIBsbYre54xQmA==",
      "dev": true,
      "requires": {
        "loose-envify": "^1.1.0",
        "object-assign": "^4.1.1",
        "prop-types": "^15.6.2"
      }
    },
    "react-dom": {
      "version": "0.0.0-f6b8d31a7",
      "resolved": "https://registry.npmjs.org/react-dom/-/react-dom-0.0.0-f6b8d31a7.tgz",
      "integrity": "sha512-lAQfL5lvpPWuDg8+RPmFq1w602cGmz4Q6jh3s307+FF7hJoE/VAH+w4EwpXhoHASBIdF86wWfl53zTrE4QN0jw==",
      "dev": true,
      "requires": {
        "loose-envify": "^1.1.0",
        "object-assign": "^4.1.1",
        "prop-types": "^15.6.2",
        "scheduler": "0.0.0-f6b8d31a7"
      }
    },
    "react-input-autosize": {
      "version": "2.2.2",
      "resolved": "https://registry.npmjs.org/react-input-autosize/-/react-input-autosize-2.2.2.tgz",
      "integrity": "sha512-jQJgYCA3S0j+cuOwzuCd1OjmBmnZLdqQdiLKRYrsMMzbjUrVDS5RvJUDwJqA7sKuksDuzFtm6hZGKFu7Mjk5aw==",
      "requires": {
        "prop-types": "^15.5.8"
      }
    },
    "react-is": {
      "version": "16.11.0",
      "resolved": "https://registry.npmjs.org/react-is/-/react-is-16.11.0.tgz",
      "integrity": "sha512-gbBVYR2p8mnriqAwWx9LbuUrShnAuSCNnuPGyc7GJrMVQtPDAh8iLpv7FRuMPFb56KkaVZIYSz1PrjI9q0QPCw=="
    },
    "react-lifecycles-compat": {
      "version": "3.0.4",
      "resolved": "https://registry.npmjs.org/react-lifecycles-compat/-/react-lifecycles-compat-3.0.4.tgz",
      "integrity": "sha512-fBASbA6LnOU9dOU2eW7aQ8xmYBSXUIWr+UmF9b1efZBazGNO+rcXT/icdKnYm2pTwcRylVUYwW7H1PHfLekVzA=="
    },
    "react-select": {
      "version": "3.0.8",
      "resolved": "https://registry.npmjs.org/react-select/-/react-select-3.0.8.tgz",
      "integrity": "sha512-v9LpOhckLlRmXN5A6/mGGEft4FMrfaBFTGAnuPHcUgVId7Je42kTq9y0Z+Ye5z8/j0XDT3zUqza8gaRaI1PZIg==",
      "requires": {
        "@babel/runtime": "^7.4.4",
        "@emotion/cache": "^10.0.9",
        "@emotion/core": "^10.0.9",
        "@emotion/css": "^10.0.9",
        "memoize-one": "^5.0.0",
        "prop-types": "^15.6.0",
        "react-input-autosize": "^2.2.2",
        "react-transition-group": "^2.2.1"
      }
    },
    "react-transition-group": {
      "version": "2.9.0",
      "resolved": "https://registry.npmjs.org/react-transition-group/-/react-transition-group-2.9.0.tgz",
      "integrity": "sha512-+HzNTCHpeQyl4MJ/bdE0u6XRMe9+XG/+aL4mCxVN4DnPBQ0/5bfHWPDuOZUzYdMj94daZaZdCCc1Dzt9R/xSSg==",
      "requires": {
        "dom-helpers": "^3.4.0",
        "loose-envify": "^1.4.0",
        "prop-types": "^15.6.2",
        "react-lifecycles-compat": "^3.0.4"
      }
    },
    "regenerator-runtime": {
      "version": "0.13.3",
      "resolved": "https://registry.npmjs.org/regenerator-runtime/-/regenerator-runtime-0.13.3.tgz",
      "integrity": "sha512-naKIZz2GQ8JWh///G7L3X6LaQUAMp2lvb1rvwwsURe/VXwD6VMfr+/1NuNw3ag8v2kY1aQ/go5SNn79O9JU7yw=="
    },
    "resolve-from": {
      "version": "3.0.0",
      "resolved": "https://registry.npmjs.org/resolve-from/-/resolve-from-3.0.0.tgz",
      "integrity": "sha1-six699nWiBvItuZTM17rywoYh0g="
    },
    "safe-buffer": {
      "version": "5.1.2",
      "resolved": "https://registry.npmjs.org/safe-buffer/-/safe-buffer-5.1.2.tgz",
      "integrity": "sha512-Gd2UZBJDkXlY7GbJxfsE8/nvKkUEU1G38c1siN6QP6a9PT9MmHB8GnpscSmMJSoF8LOIrt8ud/wPtojys4G6+g=="
    },
    "scheduler": {
      "version": "0.0.0-f6b8d31a7",
      "resolved": "https://registry.npmjs.org/scheduler/-/scheduler-0.0.0-f6b8d31a7.tgz",
      "integrity": "sha512-qG2JHCngCfHfOpfOvfI54NicT/nk+TU7ceAjpHfuImQqPpSAOn0taT+Jwib8jwJCnVXvniCBpcQY+izg1Rb8fQ==",
      "dev": true,
      "requires": {
        "loose-envify": "^1.1.0",
        "object-assign": "^4.1.1"
      }
    },
    "source-map": {
      "version": "0.5.7",
      "resolved": "https://registry.npmjs.org/source-map/-/source-map-0.5.7.tgz",
      "integrity": "sha1-igOdLRAh0i0eoUyA2OpGi6LvP8w="
    },
    "sprintf-js": {
      "version": "1.0.3",
      "resolved": "https://registry.npmjs.org/sprintf-js/-/sprintf-js-1.0.3.tgz",
      "integrity": "sha1-BOaSb2YolTVPPdAVIDYzuFcpfiw="
    },
    "to-fast-properties": {
      "version": "2.0.0",
      "resolved": "https://registry.npmjs.org/to-fast-properties/-/to-fast-properties-2.0.0.tgz",
      "integrity": "sha1-3F5pjL0HkmW8c+A3doGk5Og/YW4="
    }
  }
}
